
Microsoft Visual Studio Solution File, Format Version 12.00
# Visual Studio 15
VisualStudioVersion = 15.0.26430.16
MinimumVisualStudioVersion = 10.0.40219.1
Project("{8BC9CEB8-8B4A-11D0-8D11-00A0C91BC942}") = "Demo", "Demo\Demo.vcxproj", "{26436270-0215-477A-BF09-B6BF029176FD}"
EndProject
Project("{8BC9CEB8-8B4A-11D0-8D11-00A0C91BC942}") = "Engine", "Engine\Engine.vcxproj", "{21128BFC-FAE6-4BF5-B2F5-77FE1A60B117}"
EndProject
Global
	GlobalSection(SolutionConfigurationPlatforms) = preSolution
		Debug|x86 = Debug|x86
		Profile|x86 = Profile|x86
		Release|x86 = Release|x86
	EndGlobalSection
	GlobalSection(ProjectConfigurationPlatforms) = postSolution
		{26436270-0215-477A-BF09-B6BF029176FD}.Debug|x86.ActiveCfg = Debug|Win32
		{26436270-0215-477A-BF09-B6BF029176FD}.Debug|x86.Build.0 = Debug|Win32
		{26436270-0215-477A-BF09-B6BF029176FD}.Profile|x86.ActiveCfg = Release|Win32
		{26436270-0215-477A-BF09-B6BF029176FD}.Profile|x86.Build.0 = Release|Win32
		{26436270-0215-477A-BF09-B6BF029176FD}.Release|x86.ActiveCfg = Release|Win32
		{26436270-0215-477A-BF09-B6BF029176FD}.Release|x86.Build.0 = Release|Win32
		{21128BFC-FAE6-4BF5-B2F5-77FE1A60B117}.Debug|x86.ActiveCfg = Debug|Win32
		{21128BFC-FAE6-4BF5-B2F5-77FE1A60B117}.Debug|x86.Build.0 = Debug|Win32
		{21128BFC-FAE6-4BF5-B2F5-77FE1A60B117}.Profile|x86.ActiveCfg = Profile|Win32
		{21128BFC-FAE6-4BF5-B2F5-77FE1A60B117}.Profile|x86.Build.0 = Profile|Win32
		{21128BFC-FAE6-4BF5-B2F5-77FE1A60B117}.Release|x86.ActiveCfg = Release|Win32
		{21128BFC-FAE6-4BF5-B2F5-77FE1A60B117}.Release|x86.Build.0 = Release|Win32
	EndGlobalSection
	GlobalSection(SolutionProperties) = preSolution
		HideSolutionNode = FALSE
	EndGlobalSection
	GlobalSection(ExtensibilityGlobals) = postSolution
		SolutionGuid = {9E768070-0D25-4B49-BD5F-BED5F0C25549}
	EndGlobalSection
EndGlobal
